
Microsoft Visual Studio Solution File, Format Version 12.00
# Visual Studio Version 17
VisualStudioVersion = 17.3.32929.385
MinimumVisualStudioVersion = 10.0.40219.1
Project("{FAE04EC0-301F-11D3-BF4B-00C04F79EFBC}") = "MedicalSystem", "MedicalSystem\MedicalSystem.csproj", "{257BA67C-7BDE-4230-AB19-B8D902DCEDA4}"
EndProject
Global
	GlobalSection(SolutionConfigurationPlatforms) = preSolution
		Debug|Any CPU = Debug|Any CPU
		Release|Any CPU = Release|Any CPU
	EndGlobalSection
	GlobalSection(ProjectConfigurationPlatforms) = postSolution
		{257BA67C-7BDE-4230-AB19-B8D902DCEDA4}.Debug|Any CPU.ActiveCfg = Debug|Any CPU
		{257BA67C-7BDE-4230-AB19-B8D902DCEDA4}.Debug|Any CPU.Build.0 = Debug|Any CPU
		{257BA67C-7BDE-4230-AB19-B8D902DCEDA4}.Release|Any CPU.ActiveCfg = Release|Any CPU
		{257BA67C-7BDE-4230-AB19-B8D902DCEDA4}.Release|Any CPU.Build.0 = Release|Any CPU
	EndGlobalSection
	GlobalSection(SolutionProperties) = preSolution
		HideSolutionNode = FALSE
	EndGlobalSection
	GlobalSection(ExtensibilityGlobals) = postSolution
		SolutionGuid = {FF4ED6ED-E105-40AE-984D-8BF277B001D7}
	EndGlobalSection
EndGlobal
